
Microsoft Visual Studio Solution File, Format Version 12.00
# Visual Studio 15
VisualStudioVersion = 15.0.28307.136
MinimumVisualStudioVersion = 10.0.40219.1
Project("{FAE04EC0-301F-11D3-BF4B-00C04F79EFBC}") = "ReceiptMax", "ReceiptMax\ReceiptMax.csproj", "{64DC702C-88B7-40D7-ACB0-B000A3241E67}"
EndProject
Global
	GlobalSection(SolutionConfigurationPlatforms) = preSolution
		Debug|Any CPU = Debug|Any CPU
		Release|Any CPU = Release|Any CPU
	EndGlobalSection
	GlobalSection(ProjectConfigurationPlatforms) = postSolution
		{64DC702C-88B7-40D7-ACB0-B000A3241E67}.Debug|Any CPU.ActiveCfg = Debug|Any CPU
		{64DC702C-88B7-40D7-ACB0-B000A3241E67}.Debug|Any CPU.Build.0 = Debug|Any CPU
		{64DC702C-88B7-40D7-ACB0-B000A3241E67}.Release|Any CPU.ActiveCfg = Release|Any CPU
		{64DC702C-88B7-40D7-ACB0-B000A3241E67}.Release|Any CPU.Build.0 = Release|Any CPU
	EndGlobalSection
	GlobalSection(SolutionProperties) = preSolution
		HideSolutionNode = FALSE
	EndGlobalSection
	GlobalSection(ExtensibilityGlobals) = postSolution
		SolutionGuid = {018B2CB4-BFCE-40D7-B323-9B4AEF72470F}
	EndGlobalSection
EndGlobal
